
Microsoft Visual Studio Solution File, Format Version 12.00
# Visual Studio 15
VisualStudioVersion = 15.0.27130.2010
MinimumVisualStudioVersion = 10.0.40219.1
Project("{FAE04EC0-301F-11D3-BF4B-00C04F79EFBC}") = "Angular.FileUpload.WebApi", "Angular.FileUpload.WebApi\Angular.FileUpload.WebApi.csproj", "{1F083A40-D99D-4189-8B03-371647EAEAD0}"
EndProject
Global
	GlobalSection(SolutionConfigurationPlatforms) = preSolution
		Debug|Any CPU = Debug|Any CPU
		Release|Any CPU = Release|Any CPU
	EndGlobalSection
	GlobalSection(ProjectConfigurationPlatforms) = postSolution
		{1F083A40-D99D-4189-8B03-371647EAEAD0}.Debug|Any CPU.ActiveCfg = Debug|Any CPU
		{1F083A40-D99D-4189-8B03-371647EAEAD0}.Debug|Any CPU.Build.0 = Debug|Any CPU
		{1F083A40-D99D-4189-8B03-371647EAEAD0}.Release|Any CPU.ActiveCfg = Release|Any CPU
		{1F083A40-D99D-4189-8B03-371647EAEAD0}.Release|Any CPU.Build.0 = Release|Any CPU
	EndGlobalSection
	GlobalSection(SolutionProperties) = preSolution
		HideSolutionNode = FALSE
	EndGlobalSection
	GlobalSection(ExtensibilityGlobals) = postSolution
		SolutionGuid = {CD5FBE3D-4160-4A75-B59F-6B1C20077FF1}
	EndGlobalSection
EndGlobal
